// !$*UTF8*$!
{
	archiveVersion = 1;
	classes = {
	};
	objectVersion = 56;
	objects = {

/* Begin PBXBuildFile section */
		D5168B5B2A5B9C8C00BB5D80 /* Sticker.swift in Sources */ = {isa = PBXBuildFile; fileRef = D5168B5A2A5B9C8C00BB5D80 /* Sticker.swift */; };
		D5168B5D2A5B9C9200BB5D80 /* StickerStore.swift in Sources */ = {isa = PBXBuildFile; fileRef = D5168B5C2A5B9C9200BB5D80 /* StickerStore.swift */; };
		D5168B632A5B9CBA00BB5D80 /* StickerListView.swift in Sources */ = {isa = PBXBuildFile; fileRef = D5168B622A5B9CBA00BB5D80 /* StickerListView.swift */; };
		D5168B652A5B9CCC00BB5D80 /* StickerMainView.swift in Sources */ = {isa = PBXBuildFile; fileRef = D5168B642A5B9CCC00BB5D80 /* StickerMainView.swift */; };
		D5168B672A5B9CD700BB5D80 /* StickerView.swift in Sources */ = {isa = PBXBuildFile; fileRef = D5168B662A5B9CD700BB5D80 /* StickerView.swift */; };
		D5168B692A5B9CE100BB5D80 /* StickerAddView.swift in Sources */ = {isa = PBXBuildFile; fileRef = D5168B682A5B9CE100BB5D80 /* StickerAddView.swift */; };
		D5168B6B2A5B9CEF00BB5D80 /* StickerColorSelectView.swift in Sources */ = {isa = PBXBuildFile; fileRef = D5168B6A2A5B9CEF00BB5D80 /* StickerColorSelectView.swift */; };
		D5168B6D2A5BEEAB00BB5D80 /* StickerEditView.swift in Sources */ = {isa = PBXBuildFile; fileRef = D5168B6C2A5BEEAB00BB5D80 /* StickerEditView.swift */; };
		D51E324D2A6825FD003A33FA /* RankerView.swift in Sources */ = {isa = PBXBuildFile; fileRef = D51E324C2A6825FD003A33FA /* RankerView.swift */; };
		D53064012A500A1D00824BE1 /* CharacterGame.swift in Sources */ = {isa = PBXBuildFile; fileRef = D53064002A500A1D00824BE1 /* CharacterGame.swift */; };
		D53064032A500A3400824BE1 /* CharacterData.swift in Sources */ = {isa = PBXBuildFile; fileRef = D53064022A500A3400824BE1 /* CharacterData.swift */; };
		D53064052A50163F00824BE1 /* PlayingGameView.swift in Sources */ = {isa = PBXBuildFile; fileRef = D53064042A50163F00824BE1 /* PlayingGameView.swift */; };
		D54752882A53EEDA0085A9EB /* Metro.swift in Sources */ = {isa = PBXBuildFile; fileRef = D54752872A53EEDA0085A9EB /* Metro.swift */; };
		D547528A2A53EEE00085A9EB /* Basic.swift in Sources */ = {isa = PBXBuildFile; fileRef = D54752892A53EEE00085A9EB /* Basic.swift */; };
		D547528C2A53EF200085A9EB /* MetroView.swift in Sources */ = {isa = PBXBuildFile; fileRef = D547528B2A53EF200085A9EB /* MetroView.swift */; };
		D547528E2A53EF380085A9EB /* SpecialProvinceView.swift in Sources */ = {isa = PBXBuildFile; fileRef = D547528D2A53EF380085A9EB /* SpecialProvinceView.swift */; };
		D54752902A53EF4B0085A9EB /* SpecialCityView.swift in Sources */ = {isa = PBXBuildFile; fileRef = D547528F2A53EF4B0085A9EB /* SpecialCityView.swift */; };
		D54752922A53EF660085A9EB /* RegionsData.swift in Sources */ = {isa = PBXBuildFile; fileRef = D54752912A53EF660085A9EB /* RegionsData.swift */; };
		D54752942A53EF7B0085A9EB /* RegionProtocols.swift in Sources */ = {isa = PBXBuildFile; fileRef = D54752932A53EF7B0085A9EB /* RegionProtocols.swift */; };
		D54752962A53EF860085A9EB /* MetroProtocols.swift in Sources */ = {isa = PBXBuildFile; fileRef = D54752952A53EF860085A9EB /* MetroProtocols.swift */; };
		D55046B52A4011A600F0AD4C /* NumberGame.swift in Sources */ = {isa = PBXBuildFile; fileRef = D55046B42A4011A600F0AD4C /* NumberGame.swift */; };
		D55C6E272A4404180032D95F /* PlayingGame.swift in Sources */ = {isa = PBXBuildFile; fileRef = D55C6E262A4404180032D95F /* PlayingGame.swift */; };
		D55DCD002A6138E60010FEB6 /* RankListMainView.swift in Sources */ = {isa = PBXBuildFile; fileRef = D55DCCFF2A6138E60010FEB6 /* RankListMainView.swift */; };
		D55DCD022A6139200010FEB6 /* RankList.swift in Sources */ = {isa = PBXBuildFile; fileRef = D55DCD012A6139200010FEB6 /* RankList.swift */; };
		D55DCD042A6139400010FEB6 /* RankListStore.swift in Sources */ = {isa = PBXBuildFile; fileRef = D55DCD032A6139400010FEB6 /* RankListStore.swift */; };
		D55DCD062A613E020010FEB6 /* RankListView.swift in Sources */ = {isa = PBXBuildFile; fileRef = D55DCD052A613E020010FEB6 /* RankListView.swift */; };
		D55DCD082A6144240010FEB6 /* RankerChoiceView.swift in Sources */ = {isa = PBXBuildFile; fileRef = D55DCD072A6144240010FEB6 /* RankerChoiceView.swift */; };
		D566E6F52A42B40B00E2A480 /* QuizGame.swift in Sources */ = {isa = PBXBuildFile; fileRef = D566E6F42A42B40B00E2A480 /* QuizGame.swift */; };
		D566E6F92A42B83300E2A480 /* QuizModel.swift in Sources */ = {isa = PBXBuildFile; fileRef = D566E6F82A42B83300E2A480 /* QuizModel.swift */; };
		D566E7062A42E13800E2A480 /* FinalView.swift in Sources */ = {isa = PBXBuildFile; fileRef = D566E7052A42E13800E2A480 /* FinalView.swift */; };
		D578B2B82A3DE25800FC9F18 /* codeStudyUI.swift in Sources */ = {isa = PBXBuildFile; fileRef = D578B2B72A3DE25800FC9F18 /* codeStudyUI.swift */; };
		D578B2BC2A3DE28800FC9F18 /* ObervableStudy.swift in Sources */ = {isa = PBXBuildFile; fileRef = D578B2BB2A3DE28800FC9F18 /* ObervableStudy.swift */; };
		D589487F2A5545F7001111DE /* ToDoStore.swift in Sources */ = {isa = PBXBuildFile; fileRef = D589487E2A5545F7001111DE /* ToDoStore.swift */; };
		D58948812A554600001111DE /* ToDo.swift in Sources */ = {isa = PBXBuildFile; fileRef = D58948802A554600001111DE /* ToDo.swift */; };
		D58948832A554628001111DE /* ToDoMainView.swift in Sources */ = {isa = PBXBuildFile; fileRef = D58948822A554628001111DE /* ToDoMainView.swift */; };
		D58B86AB2A4DBF5500727CFD /* FinalMoney.swift in Sources */ = {isa = PBXBuildFile; fileRef = D58B86AA2A4DBF5500727CFD /* FinalMoney.swift */; };
		D58B86AD2A4E755300727CFD /* UnusedButton.swift in Sources */ = {isa = PBXBuildFile; fileRef = D58B86AC2A4E755300727CFD /* UnusedButton.swift */; };
		D58B86B62A4EA39F00727CFD /* GradeView.swift in Sources */ = {isa = PBXBuildFile; fileRef = D58B86B52A4EA39F00727CFD /* GradeView.swift */; };
		D58B86B82A4EA3B200727CFD /* SchoolClassView.swift in Sources */ = {isa = PBXBuildFile; fileRef = D58B86B72A4EA3B200727CFD /* SchoolClassView.swift */; };
		D58B86BA2A4EA3B800727CFD /* StudentView.swift in Sources */ = {isa = PBXBuildFile; fileRef = D58B86B92A4EA3B800727CFD /* StudentView.swift */; };
		D58B86BC2A4EA3D600727CFD /* SchoolMainView.swift in Sources */ = {isa = PBXBuildFile; fileRef = D58B86BB2A4EA3D600727CFD /* SchoolMainView.swift */; };
		D58B86BE2A4EA3E300727CFD /* SchoolData.swift in Sources */ = {isa = PBXBuildFile; fileRef = D58B86BD2A4EA3E300727CFD /* SchoolData.swift */; };
		D58B86C12A4EC53800727CFD /* MovieMainView.swift in Sources */ = {isa = PBXBuildFile; fileRef = D58B86C02A4EC53800727CFD /* MovieMainView.swift */; };
		D58B86C32A4EC56600727CFD /* MovieData.swift in Sources */ = {isa = PBXBuildFile; fileRef = D58B86C22A4EC56600727CFD /* MovieData.swift */; };
		D58B86C52A4ECA9600727CFD /* MovieRankView.swift in Sources */ = {isa = PBXBuildFile; fileRef = D58B86C42A4ECA9600727CFD /* MovieRankView.swift */; };
		D58B86C92A4EDDF000727CFD /* MovieInfoView.swift in Sources */ = {isa = PBXBuildFile; fileRef = D58B86C82A4EDDF000727CFD /* MovieInfoView.swift */; };
		D58B86CB2A4EE06C00727CFD /* MovieCastView.swift in Sources */ = {isa = PBXBuildFile; fileRef = D58B86CA2A4EE06C00727CFD /* MovieCastView.swift */; };
		D59439C82A39D6F2009C2F88 /* AppSchoolStudyApp.swift in Sources */ = {isa = PBXBuildFile; fileRef = D59439C72A39D6F2009C2F88 /* AppSchoolStudyApp.swift */; };
		D59439CA2A39D6F2009C2F88 /* ContentView.swift in Sources */ = {isa = PBXBuildFile; fileRef = D59439C92A39D6F2009C2F88 /* ContentView.swift */; };
		D59439CC2A39D6F4009C2F88 /* Assets.xcassets in Resources */ = {isa = PBXBuildFile; fileRef = D59439CB2A39D6F4009C2F88 /* Assets.xcassets */; };
		D59439CF2A39D6F4009C2F88 /* Preview Assets.xcassets in Resources */ = {isa = PBXBuildFile; fileRef = D59439CE2A39D6F4009C2F88 /* Preview Assets.xcassets */; };
		D59439D62A39EDDA009C2F88 /* CircleImage.swift in Sources */ = {isa = PBXBuildFile; fileRef = D59439D52A39EDDA009C2F88 /* CircleImage.swift */; };
		D59439D82A39EEA3009C2F88 /* MapView.swift in Sources */ = {isa = PBXBuildFile; fileRef = D59439D72A39EEA3009C2F88 /* MapView.swift */; };
		D59439DA2A3A17C5009C2F88 /* study.swift in Sources */ = {isa = PBXBuildFile; fileRef = D59439D92A3A17C5009C2F88 /* study.swift */; };
		D59439DD2A3A19F0009C2F88 /* Student.swift in Sources */ = {isa = PBXBuildFile; fileRef = D59439DC2A3A19F0009C2F88 /* Student.swift */; };
		D5A15F962A4D52970084BECB /* ChangeMoney.swift in Sources */ = {isa = PBXBuildFile; fileRef = D5A15F952A4D52970084BECB /* ChangeMoney.swift */; };
		D5A15F9C2A4D84430084BECB /* backupview.swift in Sources */ = {isa = PBXBuildFile; fileRef = D5A15F9B2A4D84430084BECB /* backupview.swift */; };
		D5A15FA22A4D861E0084BECB /* MoneyCell.swift in Sources */ = {isa = PBXBuildFile; fileRef = D5A15FA12A4D861E0084BECB /* MoneyCell.swift */; };
		D5D7C7452A5682C100BF7CBF /* RandomMemberMainView.swift in Sources */ = {isa = PBXBuildFile; fileRef = D5D7C7442A5682C100BF7CBF /* RandomMemberMainView.swift */; };
		D5D7C7472A5683F600BF7CBF /* PickedMemberView.swift in Sources */ = {isa = PBXBuildFile; fileRef = D5D7C7462A5683F600BF7CBF /* PickedMemberView.swift */; };
		D5D7C74D2A56AE6300BF7CBF /* RandomMember.swift in Sources */ = {isa = PBXBuildFile; fileRef = D5D7C74C2A56AE6300BF7CBF /* RandomMember.swift */; };
		D5D7C74F2A56AE7500BF7CBF /* RandomMemberStore.swift in Sources */ = {isa = PBXBuildFile; fileRef = D5D7C74E2A56AE7500BF7CBF /* RandomMemberStore.swift */; };
		D5D7C7512A56B09E00BF7CBF /* RandomMemberAddView.swift in Sources */ = {isa = PBXBuildFile; fileRef = D5D7C7502A56B09E00BF7CBF /* RandomMemberAddView.swift */; };
/* End PBXBuildFile section */

/* Begin PBXFileReference section */
		D5168B5A2A5B9C8C00BB5D80 /* Sticker.swift */ = {isa = PBXFileReference; lastKnownFileType = sourcecode.swift; path = Sticker.swift; sourceTree = "<group>"; };
		D5168B5C2A5B9C9200BB5D80 /* StickerStore.swift */ = {isa = PBXFileReference; lastKnownFileType = sourcecode.swift; path = StickerStore.swift; sourceTree = "<group>"; };
		D5168B622A5B9CBA00BB5D80 /* StickerListView.swift */ = {isa = PBXFileReference; lastKnownFileType = sourcecode.swift; path = StickerListView.swift; sourceTree = "<group>"; };
		D5168B642A5B9CCC00BB5D80 /* StickerMainView.swift */ = {isa = PBXFileReference; lastKnownFileType = sourcecode.swift; path = StickerMainView.swift; sourceTree = "<group>"; };
		D5168B662A5B9CD700BB5D80 /* StickerView.swift */ = {isa = PBXFileReference; lastKnownFileType = sourcecode.swift; path = StickerView.swift; sourceTree = "<group>"; };
		D5168B682A5B9CE100BB5D80 /* StickerAddView.swift */ = {isa = PBXFileReference; lastKnownFileType = sourcecode.swift; path = StickerAddView.swift; sourceTree = "<group>"; };
		D5168B6A2A5B9CEF00BB5D80 /* StickerColorSelectView.swift */ = {isa = PBXFileReference; lastKnownFileType = sourcecode.swift; path = StickerColorSelectView.swift; sourceTree = "<group>"; };
		D5168B6C2A5BEEAB00BB5D80 /* StickerEditView.swift */ = {isa = PBXFileReference; lastKnownFileType = sourcecode.swift; path = StickerEditView.swift; sourceTree = "<group>"; };
		D51E324C2A6825FD003A33FA /* RankerView.swift */ = {isa = PBXFileReference; lastKnownFileType = sourcecode.swift; path = RankerView.swift; sourceTree = "<group>"; };
		D53064002A500A1D00824BE1 /* CharacterGame.swift */ = {isa = PBXFileReference; lastKnownFileType = sourcecode.swift; path = CharacterGame.swift; sourceTree = "<group>"; };
		D53064022A500A3400824BE1 /* CharacterData.swift */ = {isa = PBXFileReference; lastKnownFileType = sourcecode.swift; path = CharacterData.swift; sourceTree = "<group>"; };
		D53064042A50163F00824BE1 /* PlayingGameView.swift */ = {isa = PBXFileReference; lastKnownFileType = sourcecode.swift; path = PlayingGameView.swift; sourceTree = "<group>"; };
		D54752872A53EEDA0085A9EB /* Metro.swift */ = {isa = PBXFileReference; lastKnownFileType = sourcecode.swift; path = Metro.swift; sourceTree = "<group>"; };
		D54752892A53EEE00085A9EB /* Basic.swift */ = {isa = PBXFileReference; lastKnownFileType = sourcecode.swift; path = Basic.swift; sourceTree = "<group>"; };
		D547528B2A53EF200085A9EB /* MetroView.swift */ = {isa = PBXFileReference; lastKnownFileType = sourcecode.swift; path = MetroView.swift; sourceTree = "<group>"; };
		D547528D2A53EF380085A9EB /* SpecialProvinceView.swift */ = {isa = PBXFileReference; lastKnownFileType = sourcecode.swift; path = SpecialProvinceView.swift; sourceTree = "<group>"; };
		D547528F2A53EF4B0085A9EB /* SpecialCityView.swift */ = {isa = PBXFileReference; lastKnownFileType = sourcecode.swift; path = SpecialCityView.swift; sourceTree = "<group>"; };
		D54752912A53EF660085A9EB /* RegionsData.swift */ = {isa = PBXFileReference; lastKnownFileType = sourcecode.swift; path = RegionsData.swift; sourceTree = "<group>"; };
		D54752932A53EF7B0085A9EB /* RegionProtocols.swift */ = {isa = PBXFileReference; lastKnownFileType = sourcecode.swift; path = RegionProtocols.swift; sourceTree = "<group>"; };
		D54752952A53EF860085A9EB /* MetroProtocols.swift */ = {isa = PBXFileReference; lastKnownFileType = sourcecode.swift; path = MetroProtocols.swift; sourceTree = "<group>"; };
		D55046B42A4011A600F0AD4C /* NumberGame.swift */ = {isa = PBXFileReference; lastKnownFileType = sourcecode.swift; path = NumberGame.swift; sourceTree = "<group>"; };
		D55C6E262A4404180032D95F /* PlayingGame.swift */ = {isa = PBXFileReference; lastKnownFileType = sourcecode.swift; path = PlayingGame.swift; sourceTree = "<group>"; };
		D55DCCFF2A6138E60010FEB6 /* RankListMainView.swift */ = {isa = PBXFileReference; lastKnownFileType = sourcecode.swift; path = RankListMainView.swift; sourceTree = "<group>"; };
		D55DCD012A6139200010FEB6 /* RankList.swift */ = {isa = PBXFileReference; lastKnownFileType = sourcecode.swift; path = RankList.swift; sourceTree = "<group>"; };
		D55DCD032A6139400010FEB6 /* RankListStore.swift */ = {isa = PBXFileReference; lastKnownFileType = sourcecode.swift; path = RankListStore.swift; sourceTree = "<group>"; };
		D55DCD052A613E020010FEB6 /* RankListView.swift */ = {isa = PBXFileReference; lastKnownFileType = sourcecode.swift; path = RankListView.swift; sourceTree = "<group>"; };
		D55DCD072A6144240010FEB6 /* RankerChoiceView.swift */ = {isa = PBXFileReference; lastKnownFileType = sourcecode.swift; path = RankerChoiceView.swift; sourceTree = "<group>"; };
		D566E6F42A42B40B00E2A480 /* QuizGame.swift */ = {isa = PBXFileReference; lastKnownFileType = sourcecode.swift; path = QuizGame.swift; sourceTree = "<group>"; };
		D566E6F82A42B83300E2A480 /* QuizModel.swift */ = {isa = PBXFileReference; lastKnownFileType = sourcecode.swift; path = QuizModel.swift; sourceTree = "<group>"; };
		D566E7052A42E13800E2A480 /* FinalView.swift */ = {isa = PBXFileReference; lastKnownFileType = sourcecode.swift; path = FinalView.swift; sourceTree = "<group>"; };
		D578B2B72A3DE25800FC9F18 /* codeStudyUI.swift */ = {isa = PBXFileReference; lastKnownFileType = sourcecode.swift; path = codeStudyUI.swift; sourceTree = "<group>"; };
		D578B2BB2A3DE28800FC9F18 /* ObervableStudy.swift */ = {isa = PBXFileReference; lastKnownFileType = sourcecode.swift; path = ObervableStudy.swift; sourceTree = "<group>"; };
		D589487E2A5545F7001111DE /* ToDoStore.swift */ = {isa = PBXFileReference; lastKnownFileType = sourcecode.swift; path = ToDoStore.swift; sourceTree = "<group>"; };
		D58948802A554600001111DE /* ToDo.swift */ = {isa = PBXFileReference; lastKnownFileType = sourcecode.swift; path = ToDo.swift; sourceTree = "<group>"; };
		D58948822A554628001111DE /* ToDoMainView.swift */ = {isa = PBXFileReference; lastKnownFileType = sourcecode.swift; path = ToDoMainView.swift; sourceTree = "<group>"; };
		D58B86AA2A4DBF5500727CFD /* FinalMoney.swift */ = {isa = PBXFileReference; lastKnownFileType = sourcecode.swift; path = FinalMoney.swift; sourceTree = "<group>"; };
		D58B86AC2A4E755300727CFD /* UnusedButton.swift */ = {isa = PBXFileReference; lastKnownFileType = sourcecode.swift; path = UnusedButton.swift; sourceTree = "<group>"; };
		D58B86B52A4EA39F00727CFD /* GradeView.swift */ = {isa = PBXFileReference; lastKnownFileType = sourcecode.swift; path = GradeView.swift; sourceTree = "<group>"; };
		D58B86B72A4EA3B200727CFD /* SchoolClassView.swift */ = {isa = PBXFileReference; lastKnownFileType = sourcecode.swift; path = SchoolClassView.swift; sourceTree = "<group>"; };
		D58B86B92A4EA3B800727CFD /* StudentView.swift */ = {isa = PBXFileReference; lastKnownFileType = sourcecode.swift; path = StudentView.swift; sourceTree = "<group>"; };
		D58B86BB2A4EA3D600727CFD /* SchoolMainView.swift */ = {isa = PBXFileReference; lastKnownFileType = sourcecode.swift; path = SchoolMainView.swift; sourceTree = "<group>"; };
		D58B86BD2A4EA3E300727CFD /* SchoolData.swift */ = {isa = PBXFileReference; lastKnownFileType = sourcecode.swift; path = SchoolData.swift; sourceTree = "<group>"; };
		D58B86C02A4EC53800727CFD /* MovieMainView.swift */ = {isa = PBXFileReference; lastKnownFileType = sourcecode.swift; path = MovieMainView.swift; sourceTree = "<group>"; };
		D58B86C22A4EC56600727CFD /* MovieData.swift */ = {isa = PBXFileReference; lastKnownFileType = sourcecode.swift; path = MovieData.swift; sourceTree = "<group>"; };
		D58B86C42A4ECA9600727CFD /* MovieRankView.swift */ = {isa = PBXFileReference; lastKnownFileType = sourcecode.swift; path = MovieRankView.swift; sourceTree = "<group>"; };
		D58B86C82A4EDDF000727CFD /* MovieInfoView.swift */ = {isa = PBXFileReference; lastKnownFileType = sourcecode.swift; path = MovieInfoView.swift; sourceTree = "<group>"; };
		D58B86CA2A4EE06C00727CFD /* MovieCastView.swift */ = {isa = PBXFileReference; lastKnownFileType = sourcecode.swift; path = MovieCastView.swift; sourceTree = "<group>"; };
		D59439C42A39D6F2009C2F88 /* AppSchoolStudy.app */ = {isa = PBXFileReference; explicitFileType = wrapper.application; includeInIndex = 0; path = AppSchoolStudy.app; sourceTree = BUILT_PRODUCTS_DIR; };
		D59439C72A39D6F2009C2F88 /* AppSchoolStudyApp.swift */ = {isa = PBXFileReference; lastKnownFileType = sourcecode.swift; path = AppSchoolStudyApp.swift; sourceTree = "<group>"; };
		D59439C92A39D6F2009C2F88 /* ContentView.swift */ = {isa = PBXFileReference; lastKnownFileType = sourcecode.swift; path = ContentView.swift; sourceTree = "<group>"; };
		D59439CB2A39D6F4009C2F88 /* Assets.xcassets */ = {isa = PBXFileReference; lastKnownFileType = folder.assetcatalog; path = Assets.xcassets; sourceTree = "<group>"; };
		D59439CE2A39D6F4009C2F88 /* Preview Assets.xcassets */ = {isa = PBXFileReference; lastKnownFileType = folder.assetcatalog; path = "Preview Assets.xcassets"; sourceTree = "<group>"; };
		D59439D52A39EDDA009C2F88 /* CircleImage.swift */ = {isa = PBXFileReference; lastKnownFileType = sourcecode.swift; path = CircleImage.swift; sourceTree = "<group>"; };
		D59439D72A39EEA3009C2F88 /* MapView.swift */ = {isa = PBXFileReference; lastKnownFileType = sourcecode.swift; path = MapView.swift; sourceTree = "<group>"; };
		D59439D92A3A17C5009C2F88 /* study.swift */ = {isa = PBXFileReference; lastKnownFileType = sourcecode.swift; path = study.swift; sourceTree = "<group>"; };
		D59439DC2A3A19F0009C2F88 /* Student.swift */ = {isa = PBXFileReference; lastKnownFileType = sourcecode.swift; path = Student.swift; sourceTree = "<group>"; };
		D5A15F952A4D52970084BECB /* ChangeMoney.swift */ = {isa = PBXFileReference; lastKnownFileType = sourcecode.swift; path = ChangeMoney.swift; sourceTree = "<group>"; };
		D5A15F9B2A4D84430084BECB /* backupview.swift */ = {isa = PBXFileReference; lastKnownFileType = sourcecode.swift; path = backupview.swift; sourceTree = "<group>"; };
		D5A15FA12A4D861E0084BECB /* MoneyCell.swift */ = {isa = PBXFileReference; lastKnownFileType = sourcecode.swift; path = MoneyCell.swift; sourceTree = "<group>"; };
		D5D7C7442A5682C100BF7CBF /* RandomMemberMainView.swift */ = {isa = PBXFileReference; lastKnownFileType = sourcecode.swift; path = RandomMemberMainView.swift; sourceTree = "<group>"; };
		D5D7C7462A5683F600BF7CBF /* PickedMemberView.swift */ = {isa = PBXFileReference; lastKnownFileType = sourcecode.swift; path = PickedMemberView.swift; sourceTree = "<group>"; };
		D5D7C74C2A56AE6300BF7CBF /* RandomMember.swift */ = {isa = PBXFileReference; lastKnownFileType = sourcecode.swift; path = RandomMember.swift; sourceTree = "<group>"; };
		D5D7C74E2A56AE7500BF7CBF /* RandomMemberStore.swift */ = {isa = PBXFileReference; lastKnownFileType = sourcecode.swift; path = RandomMemberStore.swift; sourceTree = "<group>"; };
		D5D7C7502A56B09E00BF7CBF /* RandomMemberAddView.swift */ = {isa = PBXFileReference; lastKnownFileType = sourcecode.swift; path = RandomMemberAddView.swift; sourceTree = "<group>"; };
/* End PBXFileReference section */

/* Begin PBXFrameworksBuildPhase section */
		D59439C12A39D6F2009C2F88 /* Frameworks */ = {
			isa = PBXFrameworksBuildPhase;
			buildActionMask = 2147483647;
			files = (
			);
			runOnlyForDeploymentPostprocessing = 0;
		};
/* End PBXFrameworksBuildPhase section */

/* Begin PBXGroup section */
		D50F05D42A3B20AF00AB9F7A /* MongongStudy */ = {
			isa = PBXGroup;
			children = (
				D570D6582A40457200D167B9 /* 맵킷 */,
			);
			path = MongongStudy;
			sourceTree = "<group>";
		};
		D5168B5E2A5B9C9500BB5D80 /* Model */ = {
			isa = PBXGroup;
			children = (
				D5168B5A2A5B9C8C00BB5D80 /* Sticker.swift */,
				D5168B5C2A5B9C9200BB5D80 /* StickerStore.swift */,
			);
			path = Model;
			sourceTree = "<group>";
		};
		D5168B5F2A5B9C9D00BB5D80 /* View */ = {
			isa = PBXGroup;
			children = (
				D5168B642A5B9CCC00BB5D80 /* StickerMainView.swift */,
				D5168B622A5B9CBA00BB5D80 /* StickerListView.swift */,
				D5168B6C2A5BEEAB00BB5D80 /* StickerEditView.swift */,
				D5168B662A5B9CD700BB5D80 /* StickerView.swift */,
				D5168B682A5B9CE100BB5D80 /* StickerAddView.swift */,
				D5168B6A2A5B9CEF00BB5D80 /* StickerColorSelectView.swift */,
			);
			path = View;
			sourceTree = "<group>";
		};
		D53063FF2A5009BA00824BE1 /* 0630_Homework */ = {
			isa = PBXGroup;
			children = (
				D53064022A500A3400824BE1 /* CharacterData.swift */,
				D53064002A500A1D00824BE1 /* CharacterGame.swift */,
				D53064042A50163F00824BE1 /* PlayingGameView.swift */,
			);
			path = 0630_Homework;
			sourceTree = "<group>";
		};
		D54752812A53EE020085A9EB /* 0704_Protocol */ = {
			isa = PBXGroup;
			children = (
				D54752862A53EECB0085A9EB /* Models */,
				D54752852A53EEBF0085A9EB /* Protocols */,
				D54752842A53EEB60085A9EB /* Data */,
				D54752832A53EEAC0085A9EB /* View */,
			);
			path = 0704_Protocol;
			sourceTree = "<group>";
		};
		D54752832A53EEAC0085A9EB /* View */ = {
			isa = PBXGroup;
			children = (
				D547528B2A53EF200085A9EB /* MetroView.swift */,
				D547528D2A53EF380085A9EB /* SpecialProvinceView.swift */,
				D547528F2A53EF4B0085A9EB /* SpecialCityView.swift */,
			);
			path = View;
			sourceTree = "<group>";
		};
		D54752842A53EEB60085A9EB /* Data */ = {
			isa = PBXGroup;
			children = (
				D54752912A53EF660085A9EB /* RegionsData.swift */,
			);
			path = Data;
			sourceTree = "<group>";
		};
		D54752852A53EEBF0085A9EB /* Protocols */ = {
			isa = PBXGroup;
			children = (
				D54752932A53EF7B0085A9EB /* RegionProtocols.swift */,
				D54752952A53EF860085A9EB /* MetroProtocols.swift */,
			);
			path = Protocols;
			sourceTree = "<group>";
		};
		D54752862A53EECB0085A9EB /* Models */ = {
			isa = PBXGroup;
			children = (
				D54752872A53EEDA0085A9EB /* Metro.swift */,
				D54752892A53EEE00085A9EB /* Basic.swift */,
			);
			path = Models;
			sourceTree = "<group>";
		};
		D55046B32A40118E00F0AD4C /* 수업시간 */ = {
			isa = PBXGroup;
			children = (
				D55C6E482A4412020032D95F /* 0614_ListChar */,
				D566E6F72A42B7FA00E2A480 /* 0619_NumberGame */,
				D566E6F62A42B7EE00E2A480 /* 0621_QuizModel */,
				D5A15F942A4D527A0084BECB /* 0629_changeMoney */,
				D58B86BF2A4EC50700727CFD /* 0630_MovieChart */,
				D58B86B42A4EA37600727CFD /* 0630_Navigation */,
				D53063FF2A5009BA00824BE1 /* 0630_Homework */,
				D54752812A53EE020085A9EB /* 0704_Protocol */,
				D589487D2A5545B5001111DE /* 0705_ToDo */,
				D5D7C7432A56828E00BF7CBF /* 0706_RandomMember */,
				D59973EC2A57D8E700B3C134 /* 0707_StickerMemo */,
				D55DCCFE2A6138A10010FEB6 /* 0714_Homework */,
			);
			name = "수업시간";
			path = "수업시간";
			sourceTree = "<group>";
		};
		D55C6E482A4412020032D95F /* 0614_ListChar */ = {
			isa = PBXGroup;
			children = (
				D59439D92A3A17C5009C2F88 /* study.swift */,
				D59439DC2A3A19F0009C2F88 /* Student.swift */,
			);
			path = 0614_ListChar;
			sourceTree = "<group>";
		};
		D55C6E492A44126B0032D95F /* Obervable */ = {
			isa = PBXGroup;
			children = (
				D578B2B72A3DE25800FC9F18 /* codeStudyUI.swift */,
				D578B2BB2A3DE28800FC9F18 /* ObervableStudy.swift */,
			);
			name = Obervable;
			sourceTree = "<group>";
		};
		D55DCCFE2A6138A10010FEB6 /* 0714_Homework */ = {
			isa = PBXGroup;
			children = (
				D55DCD0A2A6144340010FEB6 /* View */,
				D55DCD092A61442A0010FEB6 /* Model */,
			);
			path = 0714_Homework;
			sourceTree = "<group>";
		};
		D55DCD092A61442A0010FEB6 /* Model */ = {
			isa = PBXGroup;
			children = (
				D55DCD012A6139200010FEB6 /* RankList.swift */,
				D55DCD032A6139400010FEB6 /* RankListStore.swift */,
			);
			path = Model;
			sourceTree = "<group>";
		};
		D55DCD0A2A6144340010FEB6 /* View */ = {
			isa = PBXGroup;
			children = (
				D55DCCFF2A6138E60010FEB6 /* RankListMainView.swift */,
				D55DCD052A613E020010FEB6 /* RankListView.swift */,
				D51E324C2A6825FD003A33FA /* RankerView.swift */,
				D55DCD072A6144240010FEB6 /* RankerChoiceView.swift */,
			);
			path = View;
			sourceTree = "<group>";
		};
		D566E6F62A42B7EE00E2A480 /* 0621_QuizModel */ = {
			isa = PBXGroup;
			children = (
				D566E6F82A42B83300E2A480 /* QuizModel.swift */,
				D566E6F42A42B40B00E2A480 /* QuizGame.swift */,
				D566E7052A42E13800E2A480 /* FinalView.swift */,
				D55C6E262A4404180032D95F /* PlayingGame.swift */,
			);
			path = 0621_QuizModel;
			sourceTree = "<group>";
		};
		D566E6F72A42B7FA00E2A480 /* 0619_NumberGame */ = {
			isa = PBXGroup;
			children = (
				D55046B42A4011A600F0AD4C /* NumberGame.swift */,
			);
			path = 0619_NumberGame;
			sourceTree = "<group>";
		};
		D570D6582A40457200D167B9 /* 맵킷 */ = {
			isa = PBXGroup;
			children = (
				D59439C92A39D6F2009C2F88 /* ContentView.swift */,
				D59439D52A39EDDA009C2F88 /* CircleImage.swift */,
				D59439D72A39EEA3009C2F88 /* MapView.swift */,
			);
			name = "맵킷";
			path = "맵킷";
			sourceTree = "<group>";
		};
		D578B2B52A3DDF7A00FC9F18 /* CodeStudy */ = {
			isa = PBXGroup;
			children = (
				D55C6E492A44126B0032D95F /* Obervable */,
			);
			name = CodeStudy;
			sourceTree = "<group>";
		};
		D589487D2A5545B5001111DE /* 0705_ToDo */ = {
			isa = PBXGroup;
			children = (
				D589487E2A5545F7001111DE /* ToDoStore.swift */,
				D58948802A554600001111DE /* ToDo.swift */,
				D58948822A554628001111DE /* ToDoMainView.swift */,
			);
			path = 0705_ToDo;
			sourceTree = "<group>";
		};
		D58B86B42A4EA37600727CFD /* 0630_Navigation */ = {
			isa = PBXGroup;
			children = (
				D58B86BB2A4EA3D600727CFD /* SchoolMainView.swift */,
				D58B86B52A4EA39F00727CFD /* GradeView.swift */,
				D58B86B72A4EA3B200727CFD /* SchoolClassView.swift */,
				D58B86B92A4EA3B800727CFD /* StudentView.swift */,
				D58B86BD2A4EA3E300727CFD /* SchoolData.swift */,
			);
			path = 0630_Navigation;
			sourceTree = "<group>";
		};
		D58B86BF2A4EC50700727CFD /* 0630_MovieChart */ = {
			isa = PBXGroup;
			children = (
				D58B86C02A4EC53800727CFD /* MovieMainView.swift */,
				D58B86C42A4ECA9600727CFD /* MovieRankView.swift */,
				D58B86C82A4EDDF000727CFD /* MovieInfoView.swift */,
				D58B86CA2A4EE06C00727CFD /* MovieCastView.swift */,
				D58B86C22A4EC56600727CFD /* MovieData.swift */,
			);
			path = 0630_MovieChart;
			sourceTree = "<group>";
		};
		D59439BB2A39D6F2009C2F88 = {
			isa = PBXGroup;
			children = (
				D59439C62A39D6F2009C2F88 /* AppSchoolStudy */,
				D55046B32A40118E00F0AD4C /* 수업시간 */,
				D59439C52A39D6F2009C2F88 /* Products */,
			);
			sourceTree = "<group>";
		};
		D59439C52A39D6F2009C2F88 /* Products */ = {
			isa = PBXGroup;
			children = (
				D59439C42A39D6F2009C2F88 /* AppSchoolStudy.app */,
			);
			name = Products;
			sourceTree = "<group>";
		};
		D59439C62A39D6F2009C2F88 /* AppSchoolStudy */ = {
			isa = PBXGroup;
			children = (
				D59439C72A39D6F2009C2F88 /* AppSchoolStudyApp.swift */,
				D59439CB2A39D6F4009C2F88 /* Assets.xcassets */,
				D59439CD2A39D6F4009C2F88 /* Preview Content */,
				D578B2B52A3DDF7A00FC9F18 /* CodeStudy */,
				D50F05D42A3B20AF00AB9F7A /* MongongStudy */,
			);
			path = AppSchoolStudy;
			sourceTree = "<group>";
		};
		D59439CD2A39D6F4009C2F88 /* Preview Content */ = {
			isa = PBXGroup;
			children = (
				D59439CE2A39D6F4009C2F88 /* Preview Assets.xcassets */,
			);
			path = "Preview Content";
			sourceTree = "<group>";
		};
		D59973EC2A57D8E700B3C134 /* 0707_StickerMemo */ = {
			isa = PBXGroup;
			children = (
				D5168B5F2A5B9C9D00BB5D80 /* View */,
				D5168B5E2A5B9C9500BB5D80 /* Model */,
			);
			path = 0707_StickerMemo;
			sourceTree = "<group>";
		};
		D5A15F942A4D527A0084BECB /* 0629_changeMoney */ = {
			isa = PBXGroup;
			children = (
				D5A15F952A4D52970084BECB /* ChangeMoney.swift */,
				D5A15FA12A4D861E0084BECB /* MoneyCell.swift */,
				D5A15F9B2A4D84430084BECB /* backupview.swift */,
				D58B86AA2A4DBF5500727CFD /* FinalMoney.swift */,
				D58B86AC2A4E755300727CFD /* UnusedButton.swift */,
			);
			path = 0629_changeMoney;
			sourceTree = "<group>";
		};
		D5D7C7432A56828E00BF7CBF /* 0706_RandomMember */ = {
			isa = PBXGroup;
			children = (
				D5D7C74B2A56AE4400BF7CBF /* Views */,
				D5D7C74A2A56AE3D00BF7CBF /* Model */,
			);
			path = 0706_RandomMember;
			sourceTree = "<group>";
		};
		D5D7C74A2A56AE3D00BF7CBF /* Model */ = {
			isa = PBXGroup;
			children = (
				D5D7C74C2A56AE6300BF7CBF /* RandomMember.swift */,
				D5D7C74E2A56AE7500BF7CBF /* RandomMemberStore.swift */,
			);
			path = Model;
			sourceTree = "<group>";
		};
		D5D7C74B2A56AE4400BF7CBF /* Views */ = {
			isa = PBXGroup;
			children = (
				D5D7C7442A5682C100BF7CBF /* RandomMemberMainView.swift */,
				D5D7C7502A56B09E00BF7CBF /* RandomMemberAddView.swift */,
				D5D7C7462A5683F600BF7CBF /* PickedMemberView.swift */,
			);
			path = Views;
			sourceTree = "<group>";
		};
/* End PBXGroup section */

/* Begin PBXNativeTarget section */
		D59439C32A39D6F2009C2F88 /* AppSchoolStudy */ = {
			isa = PBXNativeTarget;
			buildConfigurationList = D59439D22A39D6F4009C2F88 /* Build configuration list for PBXNativeTarget "AppSchoolStudy" */;
			buildPhases = (
				D59439C02A39D6F2009C2F88 /* Sources */,
				D59439C12A39D6F2009C2F88 /* Frameworks */,
				D59439C22A39D6F2009C2F88 /* Resources */,
			);
			buildRules = (
			);
			dependencies = (
			);
			name = AppSchoolStudy;
			productName = AppSchoolStudy;
			productReference = D59439C42A39D6F2009C2F88 /* AppSchoolStudy.app */;
			productType = "com.apple.product-type.application";
		};
/* End PBXNativeTarget section */

/* Begin PBXProject section */
		D59439BC2A39D6F2009C2F88 /* Project object */ = {
			isa = PBXProject;
			attributes = {
				BuildIndependentTargetsInParallel = 1;
				LastSwiftUpdateCheck = 1430;
				LastUpgradeCheck = 1430;
				TargetAttributes = {
					D59439C32A39D6F2009C2F88 = {
						CreatedOnToolsVersion = 14.3;
					};
				};
			};
			buildConfigurationList = D59439BF2A39D6F2009C2F88 /* Build configuration list for PBXProject "AppSchoolStudy" */;
			compatibilityVersion = "Xcode 14.0";
			developmentRegion = en;
			hasScannedForEncodings = 0;
			knownRegions = (
				en,
				Base,
			);
			mainGroup = D59439BB2A39D6F2009C2F88;
			productRefGroup = D59439C52A39D6F2009C2F88 /* Products */;
			projectDirPath = "";
			projectRoot = "";
			targets = (
				D59439C32A39D6F2009C2F88 /* AppSchoolStudy */,
			);
		};
/* End PBXProject section */

/* Begin PBXResourcesBuildPhase section */
		D59439C22A39D6F2009C2F88 /* Resources */ = {
			isa = PBXResourcesBuildPhase;
			buildActionMask = 2147483647;
			files = (
				D59439CF2A39D6F4009C2F88 /* Preview Assets.xcassets in Resources */,
				D59439CC2A39D6F4009C2F88 /* Assets.xcassets in Resources */,
			);
			runOnlyForDeploymentPostprocessing = 0;
		};
/* End PBXResourcesBuildPhase section */

/* Begin PBXSourcesBuildPhase section */
		D59439C02A39D6F2009C2F88 /* Sources */ = {
			isa = PBXSourcesBuildPhase;
			buildActionMask = 2147483647;
			files = (
				D59439CA2A39D6F2009C2F88 /* ContentView.swift in Sources */,
				D5A15FA22A4D861E0084BECB /* MoneyCell.swift in Sources */,
				D5D7C7452A5682C100BF7CBF /* RandomMemberMainView.swift in Sources */,
				D58B86C12A4EC53800727CFD /* MovieMainView.swift in Sources */,
				D58B86C32A4EC56600727CFD /* MovieData.swift in Sources */,
				D5168B632A5B9CBA00BB5D80 /* StickerListView.swift in Sources */,
				D5A15F962A4D52970084BECB /* ChangeMoney.swift in Sources */,
				D589487F2A5545F7001111DE /* ToDoStore.swift in Sources */,
				D5168B6B2A5B9CEF00BB5D80 /* StickerColorSelectView.swift in Sources */,
				D58B86C92A4EDDF000727CFD /* MovieInfoView.swift in Sources */,
				D5168B5D2A5B9C9200BB5D80 /* StickerStore.swift in Sources */,
				D59439DD2A3A19F0009C2F88 /* Student.swift in Sources */,
				D58B86B62A4EA39F00727CFD /* GradeView.swift in Sources */,
				D58B86BC2A4EA3D600727CFD /* SchoolMainView.swift in Sources */,
				D54752902A53EF4B0085A9EB /* SpecialCityView.swift in Sources */,
				D58B86B82A4EA3B200727CFD /* SchoolClassView.swift in Sources */,
				D5168B5B2A5B9C8C00BB5D80 /* Sticker.swift in Sources */,
				D566E6F92A42B83300E2A480 /* QuizModel.swift in Sources */,
				D55DCD062A613E020010FEB6 /* RankListView.swift in Sources */,
				D58B86BE2A4EA3E300727CFD /* SchoolData.swift in Sources */,
				D58B86CB2A4EE06C00727CFD /* MovieCastView.swift in Sources */,
				D5D7C7472A5683F600BF7CBF /* PickedMemberView.swift in Sources */,
				D55DCD082A6144240010FEB6 /* RankerChoiceView.swift in Sources */,
				D5168B672A5B9CD700BB5D80 /* StickerView.swift in Sources */,
				D54752882A53EEDA0085A9EB /* Metro.swift in Sources */,
				D54752962A53EF860085A9EB /* MetroProtocols.swift in Sources */,
				D53064012A500A1D00824BE1 /* CharacterGame.swift in Sources */,
				D55046B52A4011A600F0AD4C /* NumberGame.swift in Sources */,
				D58B86BA2A4EA3B800727CFD /* StudentView.swift in Sources */,
				D5A15F9C2A4D84430084BECB /* backupview.swift in Sources */,
				D5D7C7512A56B09E00BF7CBF /* RandomMemberAddView.swift in Sources */,
				D54752922A53EF660085A9EB /* RegionsData.swift in Sources */,
				D53064032A500A3400824BE1 /* CharacterData.swift in Sources */,
				D55DCD042A6139400010FEB6 /* RankListStore.swift in Sources */,
				D578B2BC2A3DE28800FC9F18 /* ObervableStudy.swift in Sources */,
				D566E6F52A42B40B00E2A480 /* QuizGame.swift in Sources */,
				D59439D82A39EEA3009C2F88 /* MapView.swift in Sources */,
				D58B86C52A4ECA9600727CFD /* MovieRankView.swift in Sources */,
				D55C6E272A4404180032D95F /* PlayingGame.swift in Sources */,
				D59439C82A39D6F2009C2F88 /* AppSchoolStudyApp.swift in Sources */,
				D59439D62A39EDDA009C2F88 /* CircleImage.swift in Sources */,
				D578B2B82A3DE25800FC9F18 /* codeStudyUI.swift in Sources */,
				D59439DA2A3A17C5009C2F88 /* study.swift in Sources */,
				D55DCD022A6139200010FEB6 /* RankList.swift in Sources */,
				D58B86AD2A4E755300727CFD /* UnusedButton.swift in Sources */,
				D5D7C74D2A56AE6300BF7CBF /* RandomMember.swift in Sources */,
				D55DCD002A6138E60010FEB6 /* RankListMainView.swift in Sources */,
				D5168B652A5B9CCC00BB5D80 /* StickerMainView.swift in Sources */,
				D5D7C74F2A56AE7500BF7CBF /* RandomMemberStore.swift in Sources */,
				D58948832A554628001111DE /* ToDoMainView.swift in Sources */,
				D547528E2A53EF380085A9EB /* SpecialProvinceView.swift in Sources */,
				D547528A2A53EEE00085A9EB /* Basic.swift in Sources */,
				D5168B692A5B9CE100BB5D80 /* StickerAddView.swift in Sources */,
				D54752942A53EF7B0085A9EB /* RegionProtocols.swift in Sources */,
				D51E324D2A6825FD003A33FA /* RankerView.swift in Sources */,
				D566E7062A42E13800E2A480 /* FinalView.swift in Sources */,
				D53064052A50163F00824BE1 /* PlayingGameView.swift in Sources */,
				D547528C2A53EF200085A9EB /* MetroView.swift in Sources */,
				D58948812A554600001111DE /* ToDo.swift in Sources */,
				D5168B6D2A5BEEAB00BB5D80 /* StickerEditView.swift in Sources */,
				D58B86AB2A4DBF5500727CFD /* FinalMoney.swift in Sources */,
			);
			runOnlyForDeploymentPostprocessing = 0;
		};
/* End PBXSourcesBuildPhase section */

/* Begin XCBuildConfiguration section */
		D59439D02A39D6F4009C2F88 /* Debug */ = {
			isa = XCBuildConfiguration;
			buildSettings = {
				ALWAYS_SEARCH_USER_PATHS = NO;
				CLANG_ANALYZER_NONNULL = YES;
				CLANG_ANALYZER_NUMBER_OBJECT_CONVERSION = YES_AGGRESSIVE;
				CLANG_CXX_LANGUAGE_STANDARD = "gnu++20";
				CLANG_ENABLE_MODULES = YES;
				CLANG_ENABLE_OBJC_ARC = YES;
				CLANG_ENABLE_OBJC_WEAK = YES;
				CLANG_WARN_BLOCK_CAPTURE_AUTORELEASING = YES;
				CLANG_WARN_BOOL_CONVERSION = YES;
				CLANG_WARN_COMMA = YES;
				CLANG_WARN_CONSTANT_CONVERSION = YES;
				CLANG_WARN_DEPRECATED_OBJC_IMPLEMENTATIONS = YES;
				CLANG_WARN_DIRECT_OBJC_ISA_USAGE = YES_ERROR;
				CLANG_WARN_DOCUMENTATION_COMMENTS = YES;
				CLANG_WARN_EMPTY_BODY = YES;
				CLANG_WARN_ENUM_CONVERSION = YES;
				CLANG_WARN_INFINITE_RECURSION = YES;
				CLANG_WARN_INT_CONVERSION = YES;
				CLANG_WARN_NON_LITERAL_NULL_CONVERSION = YES;
				CLANG_WARN_OBJC_IMPLICIT_RETAIN_SELF = YES;
				CLANG_WARN_OBJC_LITERAL_CONVERSION = YES;
				CLANG_WARN_OBJC_ROOT_CLASS = YES_ERROR;
				CLANG_WARN_QUOTED_INCLUDE_IN_FRAMEWORK_HEADER = YES;
				CLANG_WARN_RANGE_LOOP_ANALYSIS = YES;
				CLANG_WARN_STRICT_PROTOTYPES = YES;
				CLANG_WARN_SUSPICIOUS_MOVE = YES;
				CLANG_WARN_UNGUARDED_AVAILABILITY = YES_AGGRESSIVE;
				CLANG_WARN_UNREACHABLE_CODE = YES;
				CLANG_WARN__DUPLICATE_METHOD_MATCH = YES;
				COPY_PHASE_STRIP = NO;
				DEBUG_INFORMATION_FORMAT = dwarf;
				ENABLE_STRICT_OBJC_MSGSEND = YES;
				ENABLE_TESTABILITY = YES;
				GCC_C_LANGUAGE_STANDARD = gnu11;
				GCC_DYNAMIC_NO_PIC = NO;
				GCC_NO_COMMON_BLOCKS = YES;
				GCC_OPTIMIZATION_LEVEL = 0;
				GCC_PREPROCESSOR_DEFINITIONS = (
					"DEBUG=1",
					"$(inherited)",
				);
				GCC_WARN_64_TO_32_BIT_CONVERSION = YES;
				GCC_WARN_ABOUT_RETURN_TYPE = YES_ERROR;
				GCC_WARN_UNDECLARED_SELECTOR = YES;
				GCC_WARN_UNINITIALIZED_AUTOS = YES_AGGRESSIVE;
				GCC_WARN_UNUSED_FUNCTION = YES;
				GCC_WARN_UNUSED_VARIABLE = YES;
				IPHONEOS_DEPLOYMENT_TARGET = 16.4;
				MTL_ENABLE_DEBUG_INFO = INCLUDE_SOURCE;
				MTL_FAST_MATH = YES;
				ONLY_ACTIVE_ARCH = YES;
				SDKROOT = iphoneos;
				SWIFT_ACTIVE_COMPILATION_CONDITIONS = DEBUG;
				SWIFT_OPTIMIZATION_LEVEL = "-Onone";
			};
			name = Debug;
		};
		D59439D12A39D6F4009C2F88 /* Release */ = {
			isa = XCBuildConfiguration;
			buildSettings = {
				ALWAYS_SEARCH_USER_PATHS = NO;
				CLANG_ANALYZER_NONNULL = YES;
				CLANG_ANALYZER_NUMBER_OBJECT_CONVERSION = YES_AGGRESSIVE;
				CLANG_CXX_LANGUAGE_STANDARD = "gnu++20";
				CLANG_ENABLE_MODULES = YES;
				CLANG_ENABLE_OBJC_ARC = YES;
				CLANG_ENABLE_OBJC_WEAK = YES;
				CLANG_WARN_BLOCK_CAPTURE_AUTORELEASING = YES;
				CLANG_WARN_BOOL_CONVERSION = YES;
				CLANG_WARN_COMMA = YES;
				CLANG_WARN_CONSTANT_CONVERSION = YES;
				CLANG_WARN_DEPRECATED_OBJC_IMPLEMENTATIONS = YES;
				CLANG_WARN_DIRECT_OBJC_ISA_USAGE = YES_ERROR;
				CLANG_WARN_DOCUMENTATION_COMMENTS = YES;
				CLANG_WARN_EMPTY_BODY = YES;
				CLANG_WARN_ENUM_CONVERSION = YES;
				CLANG_WARN_INFINITE_RECURSION = YES;
				CLANG_WARN_INT_CONVERSION = YES;
				CLANG_WARN_NON_LITERAL_NULL_CONVERSION = YES;
				CLANG_WARN_OBJC_IMPLICIT_RETAIN_SELF = YES;
				CLANG_WARN_OBJC_LITERAL_CONVERSION = YES;
				CLANG_WARN_OBJC_ROOT_CLASS = YES_ERROR;
				CLANG_WARN_QUOTED_INCLUDE_IN_FRAMEWORK_HEADER = YES;
				CLANG_WARN_RANGE_LOOP_ANALYSIS = YES;
				CLANG_WARN_STRICT_PROTOTYPES = YES;
				CLANG_WARN_SUSPICIOUS_MOVE = YES;
				CLANG_WARN_UNGUARDED_AVAILABILITY = YES_AGGRESSIVE;
				CLANG_WARN_UNREACHABLE_CODE = YES;
				CLANG_WARN__DUPLICATE_METHOD_MATCH = YES;
				COPY_PHASE_STRIP = NO;
				DEBUG_INFORMATION_FORMAT = "dwarf-with-dsym";
				ENABLE_NS_ASSERTIONS = NO;
				ENABLE_STRICT_OBJC_MSGSEND = YES;
				GCC_C_LANGUAGE_STANDARD = gnu11;
				GCC_NO_COMMON_BLOCKS = YES;
				GCC_WARN_64_TO_32_BIT_CONVERSION = YES;
				GCC_WARN_ABOUT_RETURN_TYPE = YES_ERROR;
				GCC_WARN_UNDECLARED_SELECTOR = YES;
				GCC_WARN_UNINITIALIZED_AUTOS = YES_AGGRESSIVE;
				GCC_WARN_UNUSED_FUNCTION = YES;
				GCC_WARN_UNUSED_VARIABLE = YES;
				IPHONEOS_DEPLOYMENT_TARGET = 16.4;
				MTL_ENABLE_DEBUG_INFO = NO;
				MTL_FAST_MATH = YES;
				SDKROOT = iphoneos;
				SWIFT_COMPILATION_MODE = wholemodule;
				SWIFT_OPTIMIZATION_LEVEL = "-O";
				VALIDATE_PRODUCT = YES;
			};
			name = Release;
		};
		D59439D32A39D6F4009C2F88 /* Debug */ = {
			isa = XCBuildConfiguration;
			buildSettings = {
				ASSETCATALOG_COMPILER_APPICON_NAME = AppIcon;
				ASSETCATALOG_COMPILER_GLOBAL_ACCENT_COLOR_NAME = AccentColor;
				CODE_SIGN_STYLE = Automatic;
				CURRENT_PROJECT_VERSION = 1;
				DEVELOPMENT_ASSET_PATHS = "\"AppSchoolStudy/Preview Content\"";
				ENABLE_PREVIEWS = YES;
				GENERATE_INFOPLIST_FILE = YES;
				INFOPLIST_KEY_UIApplicationSceneManifest_Generation = YES;
				INFOPLIST_KEY_UIApplicationSupportsIndirectInputEvents = YES;
				INFOPLIST_KEY_UILaunchScreen_Generation = YES;
				INFOPLIST_KEY_UISupportedInterfaceOrientations_iPad = "UIInterfaceOrientationPortrait UIInterfaceOrientationPortraitUpsideDown UIInterfaceOrientationLandscapeLeft UIInterfaceOrientationLandscapeRight";
				INFOPLIST_KEY_UISupportedInterfaceOrientations_iPhone = "UIInterfaceOrientationPortrait UIInterfaceOrientationLandscapeLeft UIInterfaceOrientationLandscapeRight";
				LD_RUNPATH_SEARCH_PATHS = (
					"$(inherited)",
					"@executable_path/Frameworks",
				);
				MARKETING_VERSION = 1.0;
				PRODUCT_BUNDLE_IDENTIFIER = com.linda.AppSchoolStudy;
				PRODUCT_NAME = "$(TARGET_NAME)";
				SWIFT_EMIT_LOC_STRINGS = YES;
				SWIFT_VERSION = 5.0;
				TARGETED_DEVICE_FAMILY = "1,2";
			};
			name = Debug;
		};
		D59439D42A39D6F4009C2F88 /* Release */ = {
			isa = XCBuildConfiguration;
			buildSettings = {
				ASSETCATALOG_COMPILER_APPICON_NAME = AppIcon;
				ASSETCATALOG_COMPILER_GLOBAL_ACCENT_COLOR_NAME = AccentColor;
				CODE_SIGN_STYLE = Automatic;
				CURRENT_PROJECT_VERSION = 1;
				DEVELOPMENT_ASSET_PATHS = "\"AppSchoolStudy/Preview Content\"";
				ENABLE_PREVIEWS = YES;
				GENERATE_INFOPLIST_FILE = YES;
				INFOPLIST_KEY_UIApplicationSceneManifest_Generation = YES;
				INFOPLIST_KEY_UIApplicationSupportsIndirectInputEvents = YES;
				INFOPLIST_KEY_UILaunchScreen_Generation = YES;
				INFOPLIST_KEY_UISupportedInterfaceOrientations_iPad = "UIInterfaceOrientationPortrait UIInterfaceOrientationPortraitUpsideDown UIInterfaceOrientationLandscapeLeft UIInterfaceOrientationLandscapeRight";
				INFOPLIST_KEY_UISupportedInterfaceOrientations_iPhone = "UIInterfaceOrientationPortrait UIInterfaceOrientationLandscapeLeft UIInterfaceOrientationLandscapeRight";
				LD_RUNPATH_SEARCH_PATHS = (
					"$(inherited)",
					"@executable_path/Frameworks",
				);
				MARKETING_VERSION = 1.0;
				PRODUCT_BUNDLE_IDENTIFIER = com.linda.AppSchoolStudy;
				PRODUCT_NAME = "$(TARGET_NAME)";
				SWIFT_EMIT_LOC_STRINGS = YES;
				SWIFT_VERSION = 5.0;
				TARGETED_DEVICE_FAMILY = "1,2";
			};
			name = Release;
		};
/* End XCBuildConfiguration section */

/* Begin XCConfigurationList section */
		D59439BF2A39D6F2009C2F88 /* Build configuration list for PBXProject "AppSchoolStudy" */ = {
			isa = XCConfigurationList;
			buildConfigurations = (
				D59439D02A39D6F4009C2F88 /* Debug */,
				D59439D12A39D6F4009C2F88 /* Release */,
			);
			defaultConfigurationIsVisible = 0;
			defaultConfigurationName = Release;
		};
		D59439D22A39D6F4009C2F88 /* Build configuration list for PBXNativeTarget "AppSchoolStudy" */ = {
			isa = XCConfigurationList;
			buildConfigurations = (
				D59439D32A39D6F4009C2F88 /* Debug */,
				D59439D42A39D6F4009C2F88 /* Release */,
			);
			defaultConfigurationIsVisible = 0;
			defaultConfigurationName = Release;
		};
/* End XCConfigurationList section */
	};
	rootObject = D59439BC2A39D6F2009C2F88 /* Project object */;
}
